// !$*UTF8*$!
{
	archiveVersion = 1;
	classes = {
	};
	objectVersion = 51;
	objects = {

/* Begin PBXBuildFile section */
		8D41D27324EE13940019AB11 /* AppDelegate.swift in Sources */ = {isa = PBXBuildFile; fileRef = 8D41D27224EE13940019AB11 /* AppDelegate.swift */; };
		8D41D27524EE13940019AB11 /* SceneDelegate.swift in Sources */ = {isa = PBXBuildFile; fileRef = 8D41D27424EE13940019AB11 /* SceneDelegate.swift */; };
		8D41D27724EE13940019AB11 /* ContentView.swift in Sources */ = {isa = PBXBuildFile; fileRef = 8D41D27624EE13940019AB11 /* ContentView.swift */; };
		8D41D27924EE13960019AB11 /* Assets.xcassets in Resources */ = {isa = PBXBuildFile; fileRef = 8D41D27824EE13960019AB11 /* Assets.xcassets */; };
		8D41D27C24EE13960019AB11 /* Preview Assets.xcassets in Resources */ = {isa = PBXBuildFile; fileRef = 8D41D27B24EE13960019AB11 /* Preview Assets.xcassets */; };
		8D41D27F24EE13960019AB11 /* LaunchScreen.storyboard in Resources */ = {isa = PBXBuildFile; fileRef = 8D41D27D24EE13960019AB11 /* LaunchScreen.storyboard */; };
		8D8A19A324EE1652003F72F1 /* GoogleService-Info.plist in Resources */ = {isa = PBXBuildFile; fileRef = 8D8A19A224EE1652003F72F1 /* GoogleService-Info.plist */; };
		EB6D2EE5E526AD3E97B954C8 /* Pods_SimpleTODO.framework in Frameworks */ = {isa = PBXBuildFile; fileRef = 012AEEFDB751349AFF31A692 /* Pods_SimpleTODO.framework */; };
/* End PBXBuildFile section */

/* Begin PBXFileReference section */
		012AEEFDB751349AFF31A692 /* Pods_SimpleTODO.framework */ = {isa = PBXFileReference; explicitFileType = wrapper.framework; includeInIndex = 0; path = Pods_SimpleTODO.framework; sourceTree = BUILT_PRODUCTS_DIR; };
		43843D4C5EE922631052AF1E /* Pods-SimpleTODO.release.xcconfig */ = {isa = PBXFileReference; includeInIndex = 1; lastKnownFileType = text.xcconfig; name = "Pods-SimpleTODO.release.xcconfig"; path = "Target Support Files/Pods-SimpleTODO/Pods-SimpleTODO.release.xcconfig"; sourceTree = "<group>"; };
		70A0AE8F99CF577A7B72A1EE /* Pods-SimpleTODO.debug.xcconfig */ = {isa = PBXFileReference; includeInIndex = 1; lastKnownFileType = text.xcconfig; name = "Pods-SimpleTODO.debug.xcconfig"; path = "Target Support Files/Pods-SimpleTODO/Pods-SimpleTODO.debug.xcconfig"; sourceTree = "<group>"; };
		8D41D26F24EE13940019AB11 /* SimpleTODO.app */ = {isa = PBXFileReference; explicitFileType = wrapper.application; includeInIndex = 0; path = SimpleTODO.app; sourceTree = BUILT_PRODUCTS_DIR; };
		8D41D27224EE13940019AB11 /* AppDelegate.swift */ = {isa = PBXFileReference; lastKnownFileType = sourcecode.swift; path = AppDelegate.swift; sourceTree = "<group>"; };
		8D41D27424EE13940019AB11 /* SceneDelegate.swift */ = {isa = PBXFileReference; lastKnownFileType = sourcecode.swift; path = SceneDelegate.swift; sourceTree = "<group>"; };
		8D41D27624EE13940019AB11 /* ContentView.swift */ = {isa = PBXFileReference; lastKnownFileType = sourcecode.swift; path = ContentView.swift; sourceTree = "<group>"; };
		8D41D27824EE13960019AB11 /* Assets.xcassets */ = {isa = PBXFileReference; lastKnownFileType = folder.assetcatalog; path = Assets.xcassets; sourceTree = "<group>"; };
		8D41D27B24EE13960019AB11 /* Preview Assets.xcassets */ = {isa = PBXFileReference; lastKnownFileType = folder.assetcatalog; path = "Preview Assets.xcassets"; sourceTree = "<group>"; };
		8D41D27E24EE13960019AB11 /* Base */ = {isa = PBXFileReference; lastKnownFileType = file.storyboard; name = Base; path = Base.lproj/LaunchScreen.storyboard; sourceTree = "<group>"; };
		8D41D28024EE13960019AB11 /* Info.plist */ = {isa = PBXFileReference; lastKnownFileType = text.plist.xml; path = Info.plist; sourceTree = "<group>"; };
		8D8A19A224EE1652003F72F1 /* GoogleService-Info.plist */ = {isa = PBXFileReference; fileEncoding = 4; lastKnownFileType = text.plist.xml; path = "GoogleService-Info.plist"; sourceTree = "<group>"; };
/* End PBXFileReference section */

/* Begin PBXFrameworksBuildPhase section */
		8D41D26C24EE13940019AB11 /* Frameworks */ = {
			isa = PBXFrameworksBuildPhase;
			buildActionMask = 2147483647;
			files = (
				EB6D2EE5E526AD3E97B954C8 /* Pods_SimpleTODO.framework in Frameworks */,
			);
			runOnlyForDeploymentPostprocessing = 0;
		};
/* End PBXFrameworksBuildPhase section */

/* Begin PBXGroup section */
		7BC8FB836AC52E966FD972DD /* Frameworks */ = {
			isa = PBXGroup;
			children = (
				012AEEFDB751349AFF31A692 /* Pods_SimpleTODO.framework */,
			);
			name = Frameworks;
			sourceTree = "<group>";
		};
		8D41D26624EE13940019AB11 = {
			isa = PBXGroup;
			children = (
				8D41D27124EE13940019AB11 /* SimpleTODO */,
				8D41D27024EE13940019AB11 /* Products */,
				D7795A7BB36D7D30E862543D /* Pods */,
				7BC8FB836AC52E966FD972DD /* Frameworks */,
			);
			sourceTree = "<group>";
		};
		8D41D27024EE13940019AB11 /* Products */ = {
			isa = PBXGroup;
			children = (
				8D41D26F24EE13940019AB11 /* SimpleTODO.app */,
			);
			name = Products;
			sourceTree = "<group>";
		};
		8D41D27124EE13940019AB11 /* SimpleTODO */ = {
			isa = PBXGroup;
			children = (
				8D41D27224EE13940019AB11 /* AppDelegate.swift */,
				8D41D27424EE13940019AB11 /* SceneDelegate.swift */,
				8D41D27624EE13940019AB11 /* ContentView.swift */,
				8D41D27824EE13960019AB11 /* Assets.xcassets */,
				8D41D27D24EE13960019AB11 /* LaunchScreen.storyboard */,
				8D8A19A224EE1652003F72F1 /* GoogleService-Info.plist */,
				8D41D28024EE13960019AB11 /* Info.plist */,
				8D41D27A24EE13960019AB11 /* Preview Content */,
			);
			path = SimpleTODO;
			sourceTree = "<group>";
		};
		8D41D27A24EE13960019AB11 /* Preview Content */ = {
			isa = PBXGroup;
			children = (
				8D41D27B24EE13960019AB11 /* Preview Assets.xcassets */,
			);
			path = "Preview Content";
			sourceTree = "<group>";
		};
		D7795A7BB36D7D30E862543D /* Pods */ = {
			isa = PBXGroup;
			children = (
				70A0AE8F99CF577A7B72A1EE /* Pods-SimpleTODO.debug.xcconfig */,
				43843D4C5EE922631052AF1E /* Pods-SimpleTODO.release.xcconfig */,
			);
			path = Pods;
			sourceTree = "<group>";
		};
/* End PBXGroup section */

/* Begin PBXNativeTarget section */
		8D41D26E24EE13940019AB11 /* SimpleTODO */ = {
			isa = PBXNativeTarget;
			buildConfigurationList = 8D41D28324EE13960019AB11 /* Build configuration list for PBXNativeTarget "SimpleTODO" */;
			buildPhases = (
				A8463E7744674BA4054E0188 /* [CP] Check Pods Manifest.lock */,
				8D41D26B24EE13940019AB11 /* Sources */,
				8D41D26C24EE13940019AB11 /* Frameworks */,
				8D41D26D24EE13940019AB11 /* Resources */,
				FBCDEF24DD7F323682030E74 /* [CP] Embed Pods Frameworks */,
			);
			buildRules = (
			);
			dependencies = (
			);
			name = SimpleTODO;
			productName = SimpleTODO;
			productReference = 8D41D26F24EE13940019AB11 /* SimpleTODO.app */;
			productType = "com.apple.product-type.application";
		};
/* End PBXNativeTarget section */

/* Begin PBXProject section */
		8D41D26724EE13940019AB11 /* Project object */ = {
			isa = PBXProject;
			attributes = {
				LastSwiftUpdateCheck = 1150;
				LastUpgradeCheck = 1150;
				ORGANIZATIONNAME = "Mohammad Azam";
				TargetAttributes = {
					8D41D26E24EE13940019AB11 = {
						CreatedOnToolsVersion = 11.5;
					};
				};
			};
			buildConfigurationList = 8D41D26A24EE13940019AB11 /* Build configuration list for PBXProject "SimpleTODO" */;
			compatibilityVersion = "Xcode 9.3";
			developmentRegion = en;
			hasScannedForEncodings = 0;
			knownRegions = (
				en,
				Base,
			);
			mainGroup = 8D41D26624EE13940019AB11;
			productRefGroup = 8D41D27024EE13940019AB11 /* Products */;
			projectDirPath = "";
			projectRoot = "";
			targets = (
				8D41D26E24EE13940019AB11 /* SimpleTODO */,
			);
		};
/* End PBXProject section */

/* Begin PBXResourcesBuildPhase section */
		8D41D26D24EE13940019AB11 /* Resources */ = {
			isa = PBXResourcesBuildPhase;
			buildActionMask = 2147483647;
			files = (
				8D41D27F24EE13960019AB11 /* LaunchScreen.storyboard in Resources */,
				8D41D27C24EE13960019AB11 /* Preview Assets.xcassets in Resources */,
				8D8A19A324EE1652003F72F1 /* GoogleService-Info.plist in Resources */,
				8D41D27924EE13960019AB11 /* Assets.xcassets in Resources */,
			);
			runOnlyForDeploymentPostprocessing = 0;
		};
/* End PBXResourcesBuildPhase section */

/* Begin PBXShellScriptBuildPhase section */
		A8463E7744674BA4054E0188 /* [CP] Check Pods Manifest.lock */ = {
			isa = PBXShellScriptBuildPhase;
			buildActionMask = 2147483647;
			files = (
			);
			inputFileListPaths = (
			);
			inputPaths = (
				"${PODS_PODFILE_DIR_PATH}/Podfile.lock",
				"${PODS_ROOT}/Manifest.lock",
			);
			name = "[CP] Check Pods Manifest.lock";
			outputFileListPaths = (
			);
			outputPaths = (
				"$(DERIVED_FILE_DIR)/Pods-SimpleTODO-checkManifestLockResult.txt",
			);
			runOnlyForDeploymentPostprocessing = 0;
			shellPath = /bin/sh;
			shellScript = "diff \"${PODS_PODFILE_DIR_PATH}/Podfile.lock\" \"${PODS_ROOT}/Manifest.lock\" > /dev/null\nif [ $? != 0 ] ; then\n    # print error to STDERR\n    echo \"error: The sandbox is not in sync with the Podfile.lock. Run 'pod install' or update your CocoaPods installation.\" >&2\n    exit 1\nfi\n# This output is used by Xcode 'outputs' to avoid re-running this script phase.\necho \"SUCCESS\" > \"${SCRIPT_OUTPUT_FILE_0}\"\n";
			showEnvVarsInLog = 0;
		};
		FBCDEF24DD7F323682030E74 /* [CP] Embed Pods Frameworks */ = {
			isa = PBXShellScriptBuildPhase;
			buildActionMask = 2147483647;
			files = (
			);
			inputFileListPaths = (
				"${PODS_ROOT}/Target Support Files/Pods-SimpleTODO/Pods-SimpleTODO-frameworks-${CONFIGURATION}-input-files.xcfilelist",
			);
			name = "[CP] Embed Pods Frameworks";
			outputFileListPaths = (
				"${PODS_ROOT}/Target Support Files/Pods-SimpleTODO/Pods-SimpleTODO-frameworks-${CONFIGURATION}-output-files.xcfilelist",
			);
			runOnlyForDeploymentPostprocessing = 0;
			shellPath = /bin/sh;
			shellScript = "\"${PODS_ROOT}/Target Support Files/Pods-SimpleTODO/Pods-SimpleTODO-frameworks.sh\"\n";
			showEnvVarsInLog = 0;
		};
/* End PBXShellScriptBuildPhase section */

/* Begin PBXSourcesBuildPhase section */
		8D41D26B24EE13940019AB11 /* Sources */ = {
			isa = PBXSourcesBuildPhase;
			buildActionMask = 2147483647;
			files = (
				8D41D27324EE13940019AB11 /* AppDelegate.swift in Sources */,
				8D41D27524EE13940019AB11 /* SceneDelegate.swift in Sources */,
				8D41D27724EE13940019AB11 /* ContentView.swift in Sources */,
			);
			runOnlyForDeploymentPostprocessing = 0;
		};
/* End PBXSourcesBuildPhase section */

/* Begin PBXVariantGroup section */
		8D41D27D24EE13960019AB11 /* LaunchScreen.storyboard */ = {
			isa = PBXVariantGroup;
			children = (
				8D41D27E24EE13960019AB11 /* Base */,
			);
			name = LaunchScreen.storyboard;
			sourceTree = "<group>";
		};
/* End PBXVariantGroup section */

/* Begin XCBuildConfiguration section */
		8D41D28124EE13960019AB11 /* Debug */ = {
			isa = XCBuildConfiguration;
			buildSettings = {
				ALWAYS_SEARCH_USER_PATHS = NO;
				CLANG_ANALYZER_NONNULL = YES;
				CLANG_ANALYZER_NUMBER_OBJECT_CONVERSION = YES_AGGRESSIVE;
				CLANG_CXX_LANGUAGE_STANDARD = "gnu++14";
				CLANG_CXX_LIBRARY = "libc++";
				CLANG_ENABLE_MODULES = YES;
				CLANG_ENABLE_OBJC_ARC = YES;
				CLANG_ENABLE_OBJC_WEAK = YES;
				CLANG_WARN_BLOCK_CAPTURE_AUTORELEASING = YES;
				CLANG_WARN_BOOL_CONVERSION = YES;
				CLANG_WARN_COMMA = YES;
				CLANG_WARN_CONSTANT_CONVERSION = YES;
				CLANG_WARN_DEPRECATED_OBJC_IMPLEMENTATIONS = YES;
				CLANG_WARN_DIRECT_OBJC_ISA_USAGE = YES_ERROR;
				CLANG_WARN_DOCUMENTATION_COMMENTS = YES;
				CLANG_WARN_EMPTY_BODY = YES;
				CLANG_WARN_ENUM_CONVERSION = YES;
				CLANG_WARN_INFINITE_RECURSION = YES;
				CLANG_WARN_INT_CONVERSION = YES;
				CLANG_WARN_NON_LITERAL_NULL_CONVERSION = YES;
				CLANG_WARN_OBJC_IMPLICIT_RETAIN_SELF = YES;
				CLANG_WARN_OBJC_LITERAL_CONVERSION = YES;
				CLANG_WARN_OBJC_ROOT_CLASS = YES_ERROR;
				CLANG_WARN_RANGE_LOOP_ANALYSIS = YES;
				CLANG_WARN_STRICT_PROTOTYPES = YES;
				CLANG_WARN_SUSPICIOUS_MOVE = YES;
				CLANG_WARN_UNGUARDED_AVAILABILITY = YES_AGGRESSIVE;
				CLANG_WARN_UNREACHABLE_CODE = YES;
				CLANG_WARN__DUPLICATE_METHOD_MATCH = YES;
				COPY_PHASE_STRIP = NO;
				DEBUG_INFORMATION_FORMAT = dwarf;
				ENABLE_STRICT_OBJC_MSGSEND = YES;
				ENABLE_TESTABILITY = YES;
				GCC_C_LANGUAGE_STANDARD = gnu11;
				GCC_DYNAMIC_NO_PIC = NO;
				GCC_NO_COMMON_BLOCKS = YES;
				GCC_OPTIMIZATION_LEVEL = 0;
				GCC_PREPROCESSOR_DEFINITIONS = (
					"DEBUG=1",
					"$(inherited)",
				);
				GCC_WARN_64_TO_32_BIT_CONVERSION = YES;
				GCC_WARN_ABOUT_RETURN_TYPE = YES_ERROR;
				GCC_WARN_UNDECLARED_SELECTOR = YES;
				GCC_WARN_UNINITIALIZED_AUTOS = YES_AGGRESSIVE;
				GCC_WARN_UNUSED_FUNCTION = YES;
				GCC_WARN_UNUSED_VARIABLE = YES;
				IPHONEOS_DEPLOYMENT_TARGET = 13.5;
				MTL_ENABLE_DEBUG_INFO = INCLUDE_SOURCE;
				MTL_FAST_MATH = YES;
				ONLY_ACTIVE_ARCH = YES;
				SDKROOT = iphoneos;
				SWIFT_ACTIVE_COMPILATION_CONDITIONS = DEBUG;
				SWIFT_OPTIMIZATION_LEVEL = "-Onone";
			};
			name = Debug;
		};
		8D41D28224EE13960019AB11 /* Release */ = {
			isa = XCBuildConfiguration;
			buildSettings = {
				ALWAYS_SEARCH_USER_PATHS = NO;
				CLANG_ANALYZER_NONNULL = YES;
				CLANG_ANALYZER_NUMBER_OBJECT_CONVERSION = YES_AGGRESSIVE;
				CLANG_CXX_LANGUAGE_STANDARD = "gnu++14";
				CLANG_CXX_LIBRARY = "libc++";
				CLANG_ENABLE_MODULES = YES;
				CLANG_ENABLE_OBJC_ARC = YES;
				CLANG_ENABLE_OBJC_WEAK = YES;
				CLANG_WARN_BLOCK_CAPTURE_AUTORELEASING = YES;
				CLANG_WARN_BOOL_CONVERSION = YES;
				CLANG_WARN_COMMA = YES;
				CLANG_WARN_CONSTANT_CONVERSION = YES;
				CLANG_WARN_DEPRECATED_OBJC_IMPLEMENTATIONS = YES;
				CLANG_WARN_DIRECT_OBJC_ISA_USAGE = YES_ERROR;
				CLANG_WARN_DOCUMENTATION_COMMENTS = YES;
				CLANG_WARN_EMPTY_BODY = YES;
				CLANG_WARN_ENUM_CONVERSION = YES;
				CLANG_WARN_INFINITE_RECURSION = YES;
				CLANG_WARN_INT_CONVERSION = YES;
				CLANG_WARN_NON_LITERAL_NULL_CONVERSION = YES;
				CLANG_WARN_OBJC_IMPLICIT_RETAIN_SELF = YES;
				CLANG_WARN_OBJC_LITERAL_CONVERSION = YES;
				CLANG_WARN_OBJC_ROOT_CLASS = YES_ERROR;
				CLANG_WARN_RANGE_LOOP_ANALYSIS = YES;
				CLANG_WARN_STRICT_PROTOTYPES = YES;
				CLANG_WARN_SUSPICIOUS_MOVE = YES;
				CLANG_WARN_UNGUARDED_AVAILABILITY = YES_AGGRESSIVE;
				CLANG_WARN_UNREACHABLE_CODE = YES;
				CLANG_WARN__DUPLICATE_METHOD_MATCH = YES;
				COPY_PHASE_STRIP = NO;
				DEBUG_INFORMATION_FORMAT = "dwarf-with-dsym";
				ENABLE_NS_ASSERTIONS = NO;
				ENABLE_STRICT_OBJC_MSGSEND = YES;
				GCC_C_LANGUAGE_STANDARD = gnu11;
				GCC_NO_COMMON_BLOCKS = YES;
				GCC_WARN_64_TO_32_BIT_CONVERSION = YES;
				GCC_WARN_ABOUT_RETURN_TYPE = YES_ERROR;
				GCC_WARN_UNDECLARED_SELECTOR = YES;
				GCC_WARN_UNINITIALIZED_AUTOS = YES_AGGRESSIVE;
				GCC_WARN_UNUSED_FUNCTION = YES;
				GCC_WARN_UNUSED_VARIABLE = YES;
				IPHONEOS_DEPLOYMENT_TARGET = 13.5;
				MTL_ENABLE_DEBUG_INFO = NO;
				MTL_FAST_MATH = YES;
				SDKROOT = iphoneos;
				SWIFT_COMPILATION_MODE = wholemodule;
				SWIFT_OPTIMIZATION_LEVEL = "-O";
				VALIDATE_PRODUCT = YES;
			};
			name = Release;
		};
		8D41D28424EE13960019AB11 /* Debug */ = {
			isa = XCBuildConfiguration;
			baseConfigurationReference = 70A0AE8F99CF577A7B72A1EE /* Pods-SimpleTODO.debug.xcconfig */;
			buildSettings = {
				ASSETCATALOG_COMPILER_APPICON_NAME = AppIcon;
				CODE_SIGN_STYLE = Automatic;
				DEVELOPMENT_ASSET_PATHS = "\"SimpleTODO/Preview Content\"";
				DEVELOPMENT_TEAM = B2Q8EGNCQA;
				ENABLE_PREVIEWS = YES;
				INFOPLIST_FILE = SimpleTODO/Info.plist;
				LD_RUNPATH_SEARCH_PATHS = (
					"$(inherited)",
					"@executable_path/Frameworks",
				);
				PRODUCT_BUNDLE_IDENTIFIER = com.azamsharp.SimpleTODO;
				PRODUCT_NAME = "$(TARGET_NAME)";
				SWIFT_VERSION = 5.0;
				TARGETED_DEVICE_FAMILY = "1,2";
			};
			name = Debug;
		};
		8D41D28524EE13960019AB11 /* Release */ = {
			isa = XCBuildConfiguration;
			baseConfigurationReference = 43843D4C5EE922631052AF1E /* Pods-SimpleTODO.release.xcconfig */;
			buildSettings = {
				ASSETCATALOG_COMPILER_APPICON_NAME = AppIcon;
				CODE_SIGN_STYLE = Automatic;
				DEVELOPMENT_ASSET_PATHS = "\"SimpleTODO/Preview Content\"";
				DEVELOPMENT_TEAM = B2Q8EGNCQA;
				ENABLE_PREVIEWS = YES;
				INFOPLIST_FILE = SimpleTODO/Info.plist;
				LD_RUNPATH_SEARCH_PATHS = (
					"$(inherited)",
					"@executable_path/Frameworks",
				);
				PRODUCT_BUNDLE_IDENTIFIER = com.azamsharp.SimpleTODO;
				PRODUCT_NAME = "$(TARGET_NAME)";
				SWIFT_VERSION = 5.0;
				TARGETED_DEVICE_FAMILY = "1,2";
			};
			name = Release;
		};
/* End XCBuildConfiguration section */

/* Begin XCConfigurationList section */
		8D41D26A24EE13940019AB11 /* Build configuration list for PBXProject "SimpleTODO" */ = {
			isa = XCConfigurationList;
			buildConfigurations = (
				8D41D28124EE13960019AB11 /* Debug */,
				8D41D28224EE13960019AB11 /* Release */,
			);
			defaultConfigurationIsVisible = 0;
			defaultConfigurationName = Release;
		};
		8D41D28324EE13960019AB11 /* Build configuration list for PBXNativeTarget "SimpleTODO" */ = {
			isa = XCConfigurationList;
			buildConfigurations = (
				8D41D28424EE13960019AB11 /* Debug */,
				8D41D28524EE13960019AB11 /* Release */,
			);
			defaultConfigurationIsVisible = 0;
			defaultConfigurationName = Release;
		};
/* End XCConfigurationList section */
	};
	rootObject = 8D41D26724EE13940019AB11 /* Project object */;
}
